// !$*UTF8*$!
{
	archiveVersion = 1;
	classes = {
	};
	objectVersion = 46;
	objects = {

/* Begin PBXBuildFile section */
		1901B9AC1A46E574002FC87C /* QZBEndSessionControllerViewController.m in Sources */ = {isa = PBXBuildFile; fileRef = 1901B9AB1A46E574002FC87C /* QZBEndSessionControllerViewController.m */; };
		1901B9AF1A4729A9002FC87C /* QZBAnswerButton.m in Sources */ = {isa = PBXBuildFile; fileRef = 1901B9AE1A4729A9002FC87C /* QZBAnswerButton.m */; };
		1901B9B21A4729BC002FC87C /* QZBAnswerTriangle.m in Sources */ = {isa = PBXBuildFile; fileRef = 1901B9B11A4729BC002FC87C /* QZBAnswerTriangle.m */; };
		190F8BC11A41C91F00B9E27F /* QZBSessionManager.m in Sources */ = {isa = PBXBuildFile; fileRef = 190F8BC01A41C91F00B9E27F /* QZBSessionManager.m */; };
		191559C71A39CDD400462C93 /* main.m in Sources */ = {isa = PBXBuildFile; fileRef = 191559C61A39CDD400462C93 /* main.m */; };
		191559CA1A39CDD400462C93 /* AppDelegate.m in Sources */ = {isa = PBXBuildFile; fileRef = 191559C91A39CDD400462C93 /* AppDelegate.m */; };
		191559CD1A39CDD400462C93 /* QZBQuizBattle.xcdatamodeld in Sources */ = {isa = PBXBuildFile; fileRef = 191559CB1A39CDD400462C93 /* QZBQuizBattle.xcdatamodeld */; };
		191559D01A39CDD400462C93 /* QZBGameSessionViewController.m in Sources */ = {isa = PBXBuildFile; fileRef = 191559CF1A39CDD400462C93 /* QZBGameSessionViewController.m */; };
		191559D51A39CDD400462C93 /* Images.xcassets in Resources */ = {isa = PBXBuildFile; fileRef = 191559D41A39CDD400462C93 /* Images.xcassets */; };
		191559D81A39CDD400462C93 /* LaunchScreen.xib in Resources */ = {isa = PBXBuildFile; fileRef = 191559D61A39CDD400462C93 /* LaunchScreen.xib */; };
		191559E41A39CDD400462C93 /* QZBQuizBattleTests.m in Sources */ = {isa = PBXBuildFile; fileRef = 191559E31A39CDD400462C93 /* QZBQuizBattleTests.m */; };
		1974BED11A4C4A3500E63D6B /* QZBCategory.m in Sources */ = {isa = PBXBuildFile; fileRef = 1974BED01A4C4A3500E63D6B /* QZBCategory.m */; };
		1974BED41A4C81C600E63D6B /* QZBAnswerTextAndID.m in Sources */ = {isa = PBXBuildFile; fileRef = 1974BED31A4C81C600E63D6B /* QZBAnswerTextAndID.m */; };
		1976696A1A67B3CE006C2757 /* JFAes256Codec.m in Sources */ = {isa = PBXBuildFile; fileRef = 197669111A67B3CE006C2757 /* JFAes256Codec.m */; };
		1976696B1A67B3CE006C2757 /* JFBase64.m in Sources */ = {isa = PBXBuildFile; fileRef = 197669131A67B3CE006C2757 /* JFBase64.m */; };
		1976696C1A67B3CE006C2757 /* JFBCrypt.m in Sources */ = {isa = PBXBuildFile; fileRef = 197669151A67B3CE006C2757 /* JFBCrypt.m */; };
		1976696E1A67B3CE006C2757 /* JFBoxEncoder.m in Sources */ = {isa = PBXBuildFile; fileRef = 1976691C1A67B3CE006C2757 /* JFBoxEncoder.m */; };
		197669711A67B3CE006C2757 /* JFDeviceDetector.m in Sources */ = {isa = PBXBuildFile; fileRef = 197669221A67B3CE006C2757 /* JFDeviceDetector.m */; };
		197669721A67B3CE006C2757 /* JFGuidGenerator.m in Sources */ = {isa = PBXBuildFile; fileRef = 197669251A67B3CE006C2757 /* JFGuidGenerator.m */; };
		197669731A67B3CE006C2757 /* JFGuidUtil.m in Sources */ = {isa = PBXBuildFile; fileRef = 197669271A67B3CE006C2757 /* JFGuidUtil.m */; };
		197669741A67B3CE006C2757 /* JFICloudUtil.m in Sources */ = {isa = PBXBuildFile; fileRef = 197669291A67B3CE006C2757 /* JFICloudUtil.m */; };
		197669751A67B3CE006C2757 /* JFImageUtil.m in Sources */ = {isa = PBXBuildFile; fileRef = 1976692B1A67B3CE006C2757 /* JFImageUtil.m */; };
		197669761A67B3CE006C2757 /* JFInterruptableActionPerformer.m in Sources */ = {isa = PBXBuildFile; fileRef = 1976692D1A67B3CE006C2757 /* JFInterruptableActionPerformer.m */; };
		197669771A67B3CE006C2757 /* JFLocaleMatchUtil.m in Sources */ = {isa = PBXBuildFile; fileRef = 1976692F1A67B3CE006C2757 /* JFLocaleMatchUtil.m */; };
		197669781A67B3CE006C2757 /* JFNetworkUtil.m in Sources */ = {isa = PBXBuildFile; fileRef = 197669311A67B3CE006C2757 /* JFNetworkUtil.m */; };
		197669791A67B3CE006C2757 /* JFNoCutPasteTextField.m in Sources */ = {isa = PBXBuildFile; fileRef = 197669331A67B3CE006C2757 /* JFNoCutPasteTextField.m */; };
		1976698B1A67B3CE006C2757 /* JFRandom.m in Sources */ = {isa = PBXBuildFile; fileRef = 1976695B1A67B3CE006C2757 /* JFRandom.m */; };
		197669921A67B3CE006C2757 /* README in Resources */ = {isa = PBXBuildFile; fileRef = 197669691A67B3CE006C2757 /* README */; };
		197669951A67B4B0006C2757 /* QZBRegisterWithEmailVC.m in Sources */ = {isa = PBXBuildFile; fileRef = 197669941A67B4B0006C2757 /* QZBRegisterWithEmailVC.m */; };
		197669981A67D040006C2757 /* QZBRegisterAndLoginBaseVC.m in Sources */ = {isa = PBXBuildFile; fileRef = 197669971A67D040006C2757 /* QZBRegisterAndLoginBaseVC.m */; };
		1976699C1A67D7A1006C2757 /* QZBLoginWithEmailVC.m in Sources */ = {isa = PBXBuildFile; fileRef = 1976699B1A67D7A1006C2757 /* QZBLoginWithEmailVC.m */; };
		1976FBAB1A4B03E40016130B /* QZBTopicChooserControllerViewController.m in Sources */ = {isa = PBXBuildFile; fileRef = 1976FBAA1A4B03E40016130B /* QZBTopicChooserControllerViewController.m */; };
		1976FBAF1A4B04F10016130B /* QZBTopicTableViewCell.m in Sources */ = {isa = PBXBuildFile; fileRef = 1976FBAE1A4B04F10016130B /* QZBTopicTableViewCell.m */; };
		1976FBB31A4B062D0016130B /* QZBGameTopic.m in Sources */ = {isa = PBXBuildFile; fileRef = 1976FBB21A4B062D0016130B /* QZBGameTopic.m */; };
		1976FBB71A4B12280016130B /* QZBServerManager.m in Sources */ = {isa = PBXBuildFile; fileRef = 1976FBB61A4B12280016130B /* QZBServerManager.m */; };
		199820AA1A447628003AECB9 /* QZBOpponentBot.m in Sources */ = {isa = PBXBuildFile; fileRef = 199820A91A447628003AECB9 /* QZBOpponentBot.m */; };
		199820AD1A44A039003AECB9 /* Main.storyboard in Resources */ = {isa = PBXBuildFile; fileRef = 199820AB1A44A039003AECB9 /* Main.storyboard */; };
		19CB50921A3C33B000A3CD74 /* QZBQuestion.m in Sources */ = {isa = PBXBuildFile; fileRef = 19CB50911A3C33B000A3CD74 /* QZBQuestion.m */; };
		19CB50961A3C37BA00A3CD74 /* QZBSession.m in Sources */ = {isa = PBXBuildFile; fileRef = 19CB50951A3C37BA00A3CD74 /* QZBSession.m */; };
		19CB50991A3C388000A3CD74 /* QZBUserInSession.m in Sources */ = {isa = PBXBuildFile; fileRef = 19CB50981A3C388000A3CD74 /* QZBUserInSession.m */; };
		19CB509D1A3C3D0300A3CD74 /* QZBAnswer.m in Sources */ = {isa = PBXBuildFile; fileRef = 19CB509C1A3C3D0300A3CD74 /* QZBAnswer.m */; };
		19CB50A01A3C51CA00A3CD74 /* QZBUser.m in Sources */ = {isa = PBXBuildFile; fileRef = 19CB509F1A3C51CA00A3CD74 /* QZBUser.m */; };
		19CB50A61A3C541400A3CD74 /* QZBQuestionWithUserAnswer.m in Sources */ = {isa = PBXBuildFile; fileRef = 19CB50A51A3C541400A3CD74 /* QZBQuestionWithUserAnswer.m */; };
		19CB50AD1A3C62E000A3CD74 /* QZBProgressViewController.m in Sources */ = {isa = PBXBuildFile; fileRef = 19CB50AC1A3C62E000A3CD74 /* QZBProgressViewController.m */; };
		47E51F1F28C3EC65A1F5017D /* libPods.a in Frameworks */ = {isa = PBXBuildFile; fileRef = DBC7A8F9E1287DD166F770A8 /* libPods.a */; };
/* End PBXBuildFile section */

/* Begin PBXContainerItemProxy section */
		191559DE1A39CDD400462C93 /* PBXContainerItemProxy */ = {
			isa = PBXContainerItemProxy;
			containerPortal = 191559B91A39CDD400462C93 /* Project object */;
			proxyType = 1;
			remoteGlobalIDString = 191559C01A39CDD400462C93;
			remoteInfo = QZBQuizBattle;
		};
/* End PBXContainerItemProxy section */

/* Begin PBXFileReference section */
		1901B9AA1A46E574002FC87C /* QZBEndSessionControllerViewController.h */ = {isa = PBXFileReference; fileEncoding = 4; lastKnownFileType = sourcecode.c.h; path = QZBEndSessionControllerViewController.h; sourceTree = "<group>"; };
		1901B9AB1A46E574002FC87C /* QZBEndSessionControllerViewController.m */ = {isa = PBXFileReference; fileEncoding = 4; lastKnownFileType = sourcecode.c.objc; path = QZBEndSessionControllerViewController.m; sourceTree = "<group>"; };
		1901B9AD1A4729A9002FC87C /* QZBAnswerButton.h */ = {isa = PBXFileReference; fileEncoding = 4; lastKnownFileType = sourcecode.c.h; path = QZBAnswerButton.h; sourceTree = "<group>"; };
		1901B9AE1A4729A9002FC87C /* QZBAnswerButton.m */ = {isa = PBXFileReference; fileEncoding = 4; lastKnownFileType = sourcecode.c.objc; path = QZBAnswerButton.m; sourceTree = "<group>"; };
		1901B9B01A4729BC002FC87C /* QZBAnswerTriangle.h */ = {isa = PBXFileReference; fileEncoding = 4; lastKnownFileType = sourcecode.c.h; path = QZBAnswerTriangle.h; sourceTree = "<group>"; };
		1901B9B11A4729BC002FC87C /* QZBAnswerTriangle.m */ = {isa = PBXFileReference; fileEncoding = 4; lastKnownFileType = sourcecode.c.objc; path = QZBAnswerTriangle.m; sourceTree = "<group>"; };
		190F8BBF1A41C91F00B9E27F /* QZBSessionManager.h */ = {isa = PBXFileReference; fileEncoding = 4; lastKnownFileType = sourcecode.c.h; path = QZBSessionManager.h; sourceTree = "<group>"; };
		190F8BC01A41C91F00B9E27F /* QZBSessionManager.m */ = {isa = PBXFileReference; fileEncoding = 4; lastKnownFileType = sourcecode.c.objc; path = QZBSessionManager.m; sourceTree = "<group>"; };
		191559C11A39CDD400462C93 /* QZBQuizBattle.app */ = {isa = PBXFileReference; explicitFileType = wrapper.application; includeInIndex = 0; path = QZBQuizBattle.app; sourceTree = BUILT_PRODUCTS_DIR; };
		191559C51A39CDD400462C93 /* Info.plist */ = {isa = PBXFileReference; lastKnownFileType = text.plist.xml; path = Info.plist; sourceTree = "<group>"; };
		191559C61A39CDD400462C93 /* main.m */ = {isa = PBXFileReference; lastKnownFileType = sourcecode.c.objc; path = main.m; sourceTree = "<group>"; };
		191559C81A39CDD400462C93 /* AppDelegate.h */ = {isa = PBXFileReference; lastKnownFileType = sourcecode.c.h; path = AppDelegate.h; sourceTree = "<group>"; };
		191559C91A39CDD400462C93 /* AppDelegate.m */ = {isa = PBXFileReference; lastKnownFileType = sourcecode.c.objc; path = AppDelegate.m; sourceTree = "<group>"; };
		191559CC1A39CDD400462C93 /* QZBQuizBattle.xcdatamodel */ = {isa = PBXFileReference; lastKnownFileType = wrapper.xcdatamodel; path = QZBQuizBattle.xcdatamodel; sourceTree = "<group>"; };
		191559CE1A39CDD400462C93 /* QZBGameSessionViewController.h */ = {isa = PBXFileReference; lastKnownFileType = sourcecode.c.h; path = QZBGameSessionViewController.h; sourceTree = "<group>"; };
		191559CF1A39CDD400462C93 /* QZBGameSessionViewController.m */ = {isa = PBXFileReference; lastKnownFileType = sourcecode.c.objc; path = QZBGameSessionViewController.m; sourceTree = "<group>"; };
		191559D41A39CDD400462C93 /* Images.xcassets */ = {isa = PBXFileReference; lastKnownFileType = folder.assetcatalog; path = Images.xcassets; sourceTree = "<group>"; };
		191559D71A39CDD400462C93 /* Base */ = {isa = PBXFileReference; lastKnownFileType = file.xib; name = Base; path = Base.lproj/LaunchScreen.xib; sourceTree = "<group>"; };
		191559DD1A39CDD400462C93 /* QZBQuizBattleTests.xctest */ = {isa = PBXFileReference; explicitFileType = wrapper.cfbundle; includeInIndex = 0; path = QZBQuizBattleTests.xctest; sourceTree = BUILT_PRODUCTS_DIR; };
		191559E21A39CDD400462C93 /* Info.plist */ = {isa = PBXFileReference; lastKnownFileType = text.plist.xml; path = Info.plist; sourceTree = "<group>"; };
		191559E31A39CDD400462C93 /* QZBQuizBattleTests.m */ = {isa = PBXFileReference; lastKnownFileType = sourcecode.c.objc; path = QZBQuizBattleTests.m; sourceTree = "<group>"; };
		1974BECF1A4C4A3500E63D6B /* QZBCategory.h */ = {isa = PBXFileReference; fileEncoding = 4; lastKnownFileType = sourcecode.c.h; path = QZBCategory.h; sourceTree = "<group>"; };
		1974BED01A4C4A3500E63D6B /* QZBCategory.m */ = {isa = PBXFileReference; fileEncoding = 4; lastKnownFileType = sourcecode.c.objc; path = QZBCategory.m; sourceTree = "<group>"; };
		1974BED21A4C81C600E63D6B /* QZBAnswerTextAndID.h */ = {isa = PBXFileReference; fileEncoding = 4; lastKnownFileType = sourcecode.c.h; path = QZBAnswerTextAndID.h; sourceTree = "<group>"; };
		1974BED31A4C81C600E63D6B /* QZBAnswerTextAndID.m */ = {isa = PBXFileReference; fileEncoding = 4; lastKnownFileType = sourcecode.c.objc; path = QZBAnswerTextAndID.m; sourceTree = "<group>"; };
		197669101A67B3CE006C2757 /* JFAes256Codec.h */ = {isa = PBXFileReference; fileEncoding = 4; lastKnownFileType = sourcecode.c.h; path = JFAes256Codec.h; sourceTree = "<group>"; };
		197669111A67B3CE006C2757 /* JFAes256Codec.m */ = {isa = PBXFileReference; fileEncoding = 4; lastKnownFileType = sourcecode.c.objc; path = JFAes256Codec.m; sourceTree = "<group>"; };
		197669121A67B3CE006C2757 /* JFBase64.h */ = {isa = PBXFileReference; fileEncoding = 4; lastKnownFileType = sourcecode.c.h; path = JFBase64.h; sourceTree = "<group>"; };
		197669131A67B3CE006C2757 /* JFBase64.m */ = {isa = PBXFileReference; fileEncoding = 4; lastKnownFileType = sourcecode.c.objc; path = JFBase64.m; sourceTree = "<group>"; };
		197669141A67B3CE006C2757 /* JFBCrypt.h */ = {isa = PBXFileReference; fileEncoding = 4; lastKnownFileType = sourcecode.c.h; path = JFBCrypt.h; sourceTree = "<group>"; };
		197669151A67B3CE006C2757 /* JFBCrypt.m */ = {isa = PBXFileReference; fileEncoding = 4; lastKnownFileType = sourcecode.c.objc; path = JFBCrypt.m; sourceTree = "<group>"; };
		197669161A67B3CE006C2757 /* JFBox.h */ = {isa = PBXFileReference; fileEncoding = 4; lastKnownFileType = sourcecode.c.h; path = JFBox.h; sourceTree = "<group>"; };
		197669191A67B3CE006C2757 /* JFBoxDefines.h */ = {isa = PBXFileReference; fileEncoding = 4; lastKnownFileType = sourcecode.c.h; path = JFBoxDefines.h; sourceTree = "<group>"; };
		1976691A1A67B3CE006C2757 /* JFBoxEncodable.h */ = {isa = PBXFileReference; fileEncoding = 4; lastKnownFileType = sourcecode.c.h; path = JFBoxEncodable.h; sourceTree = "<group>"; };
		1976691B1A67B3CE006C2757 /* JFBoxEncoder.h */ = {isa = PBXFileReference; fileEncoding = 4; lastKnownFileType = sourcecode.c.h; path = JFBoxEncoder.h; sourceTree = "<group>"; };
		1976691C1A67B3CE006C2757 /* JFBoxEncoder.m */ = {isa = PBXFileReference; fileEncoding = 4; lastKnownFileType = sourcecode.c.objc; path = JFBoxEncoder.m; sourceTree = "<group>"; };
		197669211A67B3CE006C2757 /* JFDeviceDetector.h */ = {isa = PBXFileReference; fileEncoding = 4; lastKnownFileType = sourcecode.c.h; path = JFDeviceDetector.h; sourceTree = "<group>"; };
		197669221A67B3CE006C2757 /* JFDeviceDetector.m */ = {isa = PBXFileReference; fileEncoding = 4; lastKnownFileType = sourcecode.c.objc; path = JFDeviceDetector.m; sourceTree = "<group>"; };
		197669231A67B3CE006C2757 /* JFGC.h */ = {isa = PBXFileReference; fileEncoding = 4; lastKnownFileType = sourcecode.c.h; path = JFGC.h; sourceTree = "<group>"; };
		197669241A67B3CE006C2757 /* JFGuidGenerator.h */ = {isa = PBXFileReference; fileEncoding = 4; lastKnownFileType = sourcecode.c.h; path = JFGuidGenerator.h; sourceTree = "<group>"; };
		197669251A67B3CE006C2757 /* JFGuidGenerator.m */ = {isa = PBXFileReference; fileEncoding = 4; lastKnownFileType = sourcecode.c.objc; path = JFGuidGenerator.m; sourceTree = "<group>"; };
		197669261A67B3CE006C2757 /* JFGuidUtil.h */ = {isa = PBXFileReference; fileEncoding = 4; lastKnownFileType = sourcecode.c.h; path = JFGuidUtil.h; sourceTree = "<group>"; };
		197669271A67B3CE006C2757 /* JFGuidUtil.m */ = {isa = PBXFileReference; fileEncoding = 4; lastKnownFileType = sourcecode.c.objc; path = JFGuidUtil.m; sourceTree = "<group>"; };
		197669281A67B3CE006C2757 /* JFICloudUtil.h */ = {isa = PBXFileReference; fileEncoding = 4; lastKnownFileType = sourcecode.c.h; path = JFICloudUtil.h; sourceTree = "<group>"; };
		197669291A67B3CE006C2757 /* JFICloudUtil.m */ = {isa = PBXFileReference; fileEncoding = 4; lastKnownFileType = sourcecode.c.objc; path = JFICloudUtil.m; sourceTree = "<group>"; };
		1976692A1A67B3CE006C2757 /* JFImageUtil.h */ = {isa = PBXFileReference; fileEncoding = 4; lastKnownFileType = sourcecode.c.h; path = JFImageUtil.h; sourceTree = "<group>"; };
		1976692B1A67B3CE006C2757 /* JFImageUtil.m */ = {isa = PBXFileReference; fileEncoding = 4; lastKnownFileType = sourcecode.c.objc; path = JFImageUtil.m; sourceTree = "<group>"; };
		1976692C1A67B3CE006C2757 /* JFInterruptableActionPerformer.h */ = {isa = PBXFileReference; fileEncoding = 4; lastKnownFileType = sourcecode.c.h; path = JFInterruptableActionPerformer.h; sourceTree = "<group>"; };
		1976692D1A67B3CE006C2757 /* JFInterruptableActionPerformer.m */ = {isa = PBXFileReference; fileEncoding = 4; lastKnownFileType = sourcecode.c.objc; path = JFInterruptableActionPerformer.m; sourceTree = "<group>"; };
		1976692E1A67B3CE006C2757 /* JFLocaleMatchUtil.h */ = {isa = PBXFileReference; fileEncoding = 4; lastKnownFileType = sourcecode.c.h; path = JFLocaleMatchUtil.h; sourceTree = "<group>"; };
		1976692F1A67B3CE006C2757 /* JFLocaleMatchUtil.m */ = {isa = PBXFileReference; fileEncoding = 4; lastKnownFileType = sourcecode.c.objc; path = JFLocaleMatchUtil.m; sourceTree = "<group>"; };
		197669301A67B3CE006C2757 /* JFNetworkUtil.h */ = {isa = PBXFileReference; fileEncoding = 4; lastKnownFileType = sourcecode.c.h; path = JFNetworkUtil.h; sourceTree = "<group>"; };
		197669311A67B3CE006C2757 /* JFNetworkUtil.m */ = {isa = PBXFileReference; fileEncoding = 4; lastKnownFileType = sourcecode.c.objc; path = JFNetworkUtil.m; sourceTree = "<group>"; };
		197669321A67B3CE006C2757 /* JFNoCutPasteTextField.h */ = {isa = PBXFileReference; fileEncoding = 4; lastKnownFileType = sourcecode.c.h; path = JFNoCutPasteTextField.h; sourceTree = "<group>"; };
		197669331A67B3CE006C2757 /* JFNoCutPasteTextField.m */ = {isa = PBXFileReference; fileEncoding = 4; lastKnownFileType = sourcecode.c.objc; path = JFNoCutPasteTextField.m; sourceTree = "<group>"; };
		1976695A1A67B3CE006C2757 /* JFRandom.h */ = {isa = PBXFileReference; fileEncoding = 4; lastKnownFileType = sourcecode.c.h; path = JFRandom.h; sourceTree = "<group>"; };
		1976695B1A67B3CE006C2757 /* JFRandom.m */ = {isa = PBXFileReference; fileEncoding = 4; lastKnownFileType = sourcecode.c.objc; path = JFRandom.m; sourceTree = "<group>"; };
		197669691A67B3CE006C2757 /* README */ = {isa = PBXFileReference; fileEncoding = 4; lastKnownFileType = text; path = README; sourceTree = "<group>"; };
		197669931A67B4B0006C2757 /* QZBRegisterWithEmailVC.h */ = {isa = PBXFileReference; fileEncoding = 4; lastKnownFileType = sourcecode.c.h; path = QZBRegisterWithEmailVC.h; sourceTree = "<group>"; };
		197669941A67B4B0006C2757 /* QZBRegisterWithEmailVC.m */ = {isa = PBXFileReference; fileEncoding = 4; lastKnownFileType = sourcecode.c.objc; path = QZBRegisterWithEmailVC.m; sourceTree = "<group>"; };
		197669961A67D040006C2757 /* QZBRegisterAndLoginBaseVC.h */ = {isa = PBXFileReference; fileEncoding = 4; lastKnownFileType = sourcecode.c.h; path = QZBRegisterAndLoginBaseVC.h; sourceTree = "<group>"; };
		197669971A67D040006C2757 /* QZBRegisterAndLoginBaseVC.m */ = {isa = PBXFileReference; fileEncoding = 4; lastKnownFileType = sourcecode.c.objc; path = QZBRegisterAndLoginBaseVC.m; sourceTree = "<group>"; };
		1976699A1A67D7A1006C2757 /* QZBLoginWithEmailVC.h */ = {isa = PBXFileReference; fileEncoding = 4; lastKnownFileType = sourcecode.c.h; path = QZBLoginWithEmailVC.h; sourceTree = "<group>"; };
		1976699B1A67D7A1006C2757 /* QZBLoginWithEmailVC.m */ = {isa = PBXFileReference; fileEncoding = 4; lastKnownFileType = sourcecode.c.objc; path = QZBLoginWithEmailVC.m; sourceTree = "<group>"; };
		1976FBA91A4B03E40016130B /* QZBTopicChooserControllerViewController.h */ = {isa = PBXFileReference; fileEncoding = 4; lastKnownFileType = sourcecode.c.h; path = QZBTopicChooserControllerViewController.h; sourceTree = "<group>"; };
		1976FBAA1A4B03E40016130B /* QZBTopicChooserControllerViewController.m */ = {isa = PBXFileReference; fileEncoding = 4; lastKnownFileType = sourcecode.c.objc; path = QZBTopicChooserControllerViewController.m; sourceTree = "<group>"; };
		1976FBAD1A4B04F10016130B /* QZBTopicTableViewCell.h */ = {isa = PBXFileReference; fileEncoding = 4; lastKnownFileType = sourcecode.c.h; path = QZBTopicTableViewCell.h; sourceTree = "<group>"; };
		1976FBAE1A4B04F10016130B /* QZBTopicTableViewCell.m */ = {isa = PBXFileReference; fileEncoding = 4; lastKnownFileType = sourcecode.c.objc; path = QZBTopicTableViewCell.m; sourceTree = "<group>"; };
		1976FBB11A4B062D0016130B /* QZBGameTopic.h */ = {isa = PBXFileReference; fileEncoding = 4; lastKnownFileType = sourcecode.c.h; path = QZBGameTopic.h; sourceTree = "<group>"; };
		1976FBB21A4B062D0016130B /* QZBGameTopic.m */ = {isa = PBXFileReference; fileEncoding = 4; lastKnownFileType = sourcecode.c.objc; path = QZBGameTopic.m; sourceTree = "<group>"; };
		1976FBB51A4B12280016130B /* QZBServerManager.h */ = {isa = PBXFileReference; fileEncoding = 4; lastKnownFileType = sourcecode.c.h; path = QZBServerManager.h; sourceTree = "<group>"; };
		1976FBB61A4B12280016130B /* QZBServerManager.m */ = {isa = PBXFileReference; fileEncoding = 4; lastKnownFileType = sourcecode.c.objc; path = QZBServerManager.m; sourceTree = "<group>"; };
		199820A81A447628003AECB9 /* QZBOpponentBot.h */ = {isa = PBXFileReference; fileEncoding = 4; lastKnownFileType = sourcecode.c.h; path = QZBOpponentBot.h; sourceTree = "<group>"; };
		199820A91A447628003AECB9 /* QZBOpponentBot.m */ = {isa = PBXFileReference; fileEncoding = 4; lastKnownFileType = sourcecode.c.objc; path = QZBOpponentBot.m; sourceTree = "<group>"; };
		199820AC1A44A039003AECB9 /* Base */ = {isa = PBXFileReference; lastKnownFileType = file.storyboard; name = Base; path = Base.lproj/Main.storyboard; sourceTree = "<group>"; };
		19CB50901A3C33B000A3CD74 /* QZBQuestion.h */ = {isa = PBXFileReference; fileEncoding = 4; lastKnownFileType = sourcecode.c.h; path = QZBQuestion.h; sourceTree = "<group>"; };
		19CB50911A3C33B000A3CD74 /* QZBQuestion.m */ = {isa = PBXFileReference; fileEncoding = 4; lastKnownFileType = sourcecode.c.objc; path = QZBQuestion.m; sourceTree = "<group>"; };
		19CB50941A3C37BA00A3CD74 /* QZBSession.h */ = {isa = PBXFileReference; fileEncoding = 4; lastKnownFileType = sourcecode.c.h; path = QZBSession.h; sourceTree = "<group>"; };
		19CB50951A3C37BA00A3CD74 /* QZBSession.m */ = {isa = PBXFileReference; fileEncoding = 4; lastKnownFileType = sourcecode.c.objc; path = QZBSession.m; sourceTree = "<group>"; };
		19CB50971A3C388000A3CD74 /* QZBUserInSession.h */ = {isa = PBXFileReference; fileEncoding = 4; lastKnownFileType = sourcecode.c.h; path = QZBUserInSession.h; sourceTree = "<group>"; };
		19CB50981A3C388000A3CD74 /* QZBUserInSession.m */ = {isa = PBXFileReference; fileEncoding = 4; lastKnownFileType = sourcecode.c.objc; path = QZBUserInSession.m; sourceTree = "<group>"; };
		19CB509B1A3C3D0300A3CD74 /* QZBAnswer.h */ = {isa = PBXFileReference; fileEncoding = 4; lastKnownFileType = sourcecode.c.h; path = QZBAnswer.h; sourceTree = "<group>"; };
		19CB509C1A3C3D0300A3CD74 /* QZBAnswer.m */ = {isa = PBXFileReference; fileEncoding = 4; lastKnownFileType = sourcecode.c.objc; path = QZBAnswer.m; sourceTree = "<group>"; };
		19CB509E1A3C51CA00A3CD74 /* QZBUser.h */ = {isa = PBXFileReference; fileEncoding = 4; lastKnownFileType = sourcecode.c.h; path = QZBUser.h; sourceTree = "<group>"; };
		19CB509F1A3C51CA00A3CD74 /* QZBUser.m */ = {isa = PBXFileReference; fileEncoding = 4; lastKnownFileType = sourcecode.c.objc; path = QZBUser.m; sourceTree = "<group>"; };
		19CB50A41A3C541400A3CD74 /* QZBQuestionWithUserAnswer.h */ = {isa = PBXFileReference; fileEncoding = 4; lastKnownFileType = sourcecode.c.h; path = QZBQuestionWithUserAnswer.h; sourceTree = "<group>"; };
		19CB50A51A3C541400A3CD74 /* QZBQuestionWithUserAnswer.m */ = {isa = PBXFileReference; fileEncoding = 4; lastKnownFileType = sourcecode.c.objc; path = QZBQuestionWithUserAnswer.m; sourceTree = "<group>"; };
		19CB50AB1A3C62E000A3CD74 /* QZBProgressViewController.h */ = {isa = PBXFileReference; fileEncoding = 4; lastKnownFileType = sourcecode.c.h; path = QZBProgressViewController.h; sourceTree = "<group>"; };
		19CB50AC1A3C62E000A3CD74 /* QZBProgressViewController.m */ = {isa = PBXFileReference; fileEncoding = 4; lastKnownFileType = sourcecode.c.objc; path = QZBProgressViewController.m; sourceTree = "<group>"; };
		61CB57A856F89614168E9C5A /* Pods.debug.xcconfig */ = {isa = PBXFileReference; includeInIndex = 1; lastKnownFileType = text.xcconfig; name = Pods.debug.xcconfig; path = "Pods/Target Support Files/Pods/Pods.debug.xcconfig"; sourceTree = "<group>"; };
		B2892C94F45A4ABC9B49B297 /* Pods.release.xcconfig */ = {isa = PBXFileReference; includeInIndex = 1; lastKnownFileType = text.xcconfig; name = Pods.release.xcconfig; path = "Pods/Target Support Files/Pods/Pods.release.xcconfig"; sourceTree = "<group>"; };
		DBC7A8F9E1287DD166F770A8 /* libPods.a */ = {isa = PBXFileReference; explicitFileType = archive.ar; includeInIndex = 0; path = libPods.a; sourceTree = BUILT_PRODUCTS_DIR; };
/* End PBXFileReference section */

/* Begin PBXFrameworksBuildPhase section */
		191559BE1A39CDD400462C93 /* Frameworks */ = {
			isa = PBXFrameworksBuildPhase;
			buildActionMask = 2147483647;
			files = (
				47E51F1F28C3EC65A1F5017D /* libPods.a in Frameworks */,
			);
			runOnlyForDeploymentPostprocessing = 0;
		};
		191559DA1A39CDD400462C93 /* Frameworks */ = {
			isa = PBXFrameworksBuildPhase;
			buildActionMask = 2147483647;
			files = (
			);
			runOnlyForDeploymentPostprocessing = 0;
		};
/* End PBXFrameworksBuildPhase section */

/* Begin PBXGroup section */
		191559B81A39CDD400462C93 = {
			isa = PBXGroup;
			children = (
				191559C31A39CDD400462C93 /* QZBQuizBattle */,
				191559E01A39CDD400462C93 /* QZBQuizBattleTests */,
				191559C21A39CDD400462C93 /* Products */,
				C21BFAFEA0FC6426FCCFFBE6 /* Pods */,
				52F9464174E630E1C51630F7 /* Frameworks */,
			);
			sourceTree = "<group>";
		};
		191559C21A39CDD400462C93 /* Products */ = {
			isa = PBXGroup;
			children = (
				191559C11A39CDD400462C93 /* QZBQuizBattle.app */,
				191559DD1A39CDD400462C93 /* QZBQuizBattleTests.xctest */,
			);
			name = Products;
			sourceTree = "<group>";
		};
		191559C31A39CDD400462C93 /* QZBQuizBattle */ = {
			isa = PBXGroup;
			children = (
				19CB508F1A3C32FA00A3CD74 /* Controller */,
				19CB508E1A3C32F000A3CD74 /* View */,
				19CB508D1A3C32E700A3CD74 /* model */,
				191559D41A39CDD400462C93 /* Images.xcassets */,
				199820AB1A44A039003AECB9 /* Main.storyboard */,
				191559D61A39CDD400462C93 /* LaunchScreen.xib */,
				191559CB1A39CDD400462C93 /* QZBQuizBattle.xcdatamodeld */,
				191559C41A39CDD400462C93 /* Supporting Files */,
			);
			path = QZBQuizBattle;
			sourceTree = "<group>";
		};
		191559C41A39CDD400462C93 /* Supporting Files */ = {
			isa = PBXGroup;
			children = (
				1976690F1A67B3CE006C2757 /* JFCommon-master */,
				191559C81A39CDD400462C93 /* AppDelegate.h */,
				191559C91A39CDD400462C93 /* AppDelegate.m */,
				191559C51A39CDD400462C93 /* Info.plist */,
				191559C61A39CDD400462C93 /* main.m */,
			);
			name = "Supporting Files";
			sourceTree = "<group>";
		};
		191559E01A39CDD400462C93 /* QZBQuizBattleTests */ = {
			isa = PBXGroup;
			children = (
				191559E31A39CDD400462C93 /* QZBQuizBattleTests.m */,
				191559E11A39CDD400462C93 /* Supporting Files */,
			);
			path = QZBQuizBattleTests;
			sourceTree = "<group>";
		};
		191559E11A39CDD400462C93 /* Supporting Files */ = {
			isa = PBXGroup;
			children = (
				191559E21A39CDD400462C93 /* Info.plist */,
			);
			name = "Supporting Files";
			sourceTree = "<group>";
		};
		1976690F1A67B3CE006C2757 /* JFCommon-master */ = {
			isa = PBXGroup;
			children = (
				197669101A67B3CE006C2757 /* JFAes256Codec.h */,
				197669111A67B3CE006C2757 /* JFAes256Codec.m */,
				197669121A67B3CE006C2757 /* JFBase64.h */,
				197669131A67B3CE006C2757 /* JFBase64.m */,
				197669141A67B3CE006C2757 /* JFBCrypt.h */,
				197669151A67B3CE006C2757 /* JFBCrypt.m */,
				197669161A67B3CE006C2757 /* JFBox.h */,
				197669191A67B3CE006C2757 /* JFBoxDefines.h */,
				1976691A1A67B3CE006C2757 /* JFBoxEncodable.h */,
				1976691B1A67B3CE006C2757 /* JFBoxEncoder.h */,
				1976691C1A67B3CE006C2757 /* JFBoxEncoder.m */,
				197669211A67B3CE006C2757 /* JFDeviceDetector.h */,
				197669221A67B3CE006C2757 /* JFDeviceDetector.m */,
				197669231A67B3CE006C2757 /* JFGC.h */,
				197669241A67B3CE006C2757 /* JFGuidGenerator.h */,
				197669251A67B3CE006C2757 /* JFGuidGenerator.m */,
				197669261A67B3CE006C2757 /* JFGuidUtil.h */,
				197669271A67B3CE006C2757 /* JFGuidUtil.m */,
				197669281A67B3CE006C2757 /* JFICloudUtil.h */,
				197669291A67B3CE006C2757 /* JFICloudUtil.m */,
				1976692A1A67B3CE006C2757 /* JFImageUtil.h */,
				1976692B1A67B3CE006C2757 /* JFImageUtil.m */,
				1976692C1A67B3CE006C2757 /* JFInterruptableActionPerformer.h */,
				1976692D1A67B3CE006C2757 /* JFInterruptableActionPerformer.m */,
				1976692E1A67B3CE006C2757 /* JFLocaleMatchUtil.h */,
				1976692F1A67B3CE006C2757 /* JFLocaleMatchUtil.m */,
				197669301A67B3CE006C2757 /* JFNetworkUtil.h */,
				197669311A67B3CE006C2757 /* JFNetworkUtil.m */,
				197669321A67B3CE006C2757 /* JFNoCutPasteTextField.h */,
				197669331A67B3CE006C2757 /* JFNoCutPasteTextField.m */,
				1976695A1A67B3CE006C2757 /* JFRandom.h */,
				1976695B1A67B3CE006C2757 /* JFRandom.m */,
				197669691A67B3CE006C2757 /* README */,
			);
			path = "JFCommon-master";
			sourceTree = "<group>";
		};
		197669991A67D057006C2757 /* Registration and login */ = {
			isa = PBXGroup;
			children = (
				197669961A67D040006C2757 /* QZBRegisterAndLoginBaseVC.h */,
				197669971A67D040006C2757 /* QZBRegisterAndLoginBaseVC.m */,
				197669931A67B4B0006C2757 /* QZBRegisterWithEmailVC.h */,
				197669941A67B4B0006C2757 /* QZBRegisterWithEmailVC.m */,
				1976699A1A67D7A1006C2757 /* QZBLoginWithEmailVC.h */,
				1976699B1A67D7A1006C2757 /* QZBLoginWithEmailVC.m */,
			);
			name = "Registration and login";
			sourceTree = "<group>";
		};
		1976FBAC1A4B04B50016130B /* cells */ = {
			isa = PBXGroup;
			children = (
				1976FBAD1A4B04F10016130B /* QZBTopicTableViewCell.h */,
				1976FBAE1A4B04F10016130B /* QZBTopicTableViewCell.m */,
			);
			name = cells;
			sourceTree = "<group>";
		};
		1976FBB01A4B05FF0016130B /* topic */ = {
			isa = PBXGroup;
			children = (
				1976FBB11A4B062D0016130B /* QZBGameTopic.h */,
				1976FBB21A4B062D0016130B /* QZBGameTopic.m */,
				1974BECF1A4C4A3500E63D6B /* QZBCategory.h */,
				1974BED01A4C4A3500E63D6B /* QZBCategory.m */,
			);
			name = topic;
			sourceTree = "<group>";
		};
		1976FBB41A4B11DF0016130B /* serverAPI */ = {
			isa = PBXGroup;
			children = (
				1976FBB51A4B12280016130B /* QZBServerManager.h */,
				1976FBB61A4B12280016130B /* QZBServerManager.m */,
			);
			name = serverAPI;
			sourceTree = "<group>";
		};
		198066A81A39DB6500B749BA /* buttons */ = {
			isa = PBXGroup;
			children = (
				1901B9AD1A4729A9002FC87C /* QZBAnswerButton.h */,
				1901B9AE1A4729A9002FC87C /* QZBAnswerButton.m */,
				1901B9B01A4729BC002FC87C /* QZBAnswerTriangle.h */,
				1901B9B11A4729BC002FC87C /* QZBAnswerTriangle.m */,
			);
			name = buttons;
			sourceTree = "<group>";
		};
		19CB508D1A3C32E700A3CD74 /* model */ = {
			isa = PBXGroup;
			children = (
				1976FBB41A4B11DF0016130B /* serverAPI */,
				1976FBB01A4B05FF0016130B /* topic */,
				19CB509A1A3C388900A3CD74 /* User */,
				19CB50931A3C33B900A3CD74 /* Session */,
			);
			name = model;
			sourceTree = "<group>";
		};
		19CB508E1A3C32F000A3CD74 /* View */ = {
			isa = PBXGroup;
			children = (
				1976FBAC1A4B04B50016130B /* cells */,
				198066A81A39DB6500B749BA /* buttons */,
			);
			name = View;
			sourceTree = "<group>";
		};
		19CB508F1A3C32FA00A3CD74 /* Controller */ = {
			isa = PBXGroup;
			children = (
				197669991A67D057006C2757 /* Registration and login */,
				191559CE1A39CDD400462C93 /* QZBGameSessionViewController.h */,
				191559CF1A39CDD400462C93 /* QZBGameSessionViewController.m */,
				19CB50AB1A3C62E000A3CD74 /* QZBProgressViewController.h */,
				19CB50AC1A3C62E000A3CD74 /* QZBProgressViewController.m */,
				1976FBA91A4B03E40016130B /* QZBTopicChooserControllerViewController.h */,
				1976FBAA1A4B03E40016130B /* QZBTopicChooserControllerViewController.m */,
				1901B9AA1A46E574002FC87C /* QZBEndSessionControllerViewController.h */,
				1901B9AB1A46E574002FC87C /* QZBEndSessionControllerViewController.m */,
			);
			name = Controller;
			sourceTree = "<group>";
		};
		19CB50931A3C33B900A3CD74 /* Session */ = {
			isa = PBXGroup;
			children = (
				19CB50A71A3C567A00A3CD74 /* qestion */,
				19CB50941A3C37BA00A3CD74 /* QZBSession.h */,
				19CB50951A3C37BA00A3CD74 /* QZBSession.m */,
				190F8BBF1A41C91F00B9E27F /* QZBSessionManager.h */,
				190F8BC01A41C91F00B9E27F /* QZBSessionManager.m */,
				199820A81A447628003AECB9 /* QZBOpponentBot.h */,
				199820A91A447628003AECB9 /* QZBOpponentBot.m */,
			);
			name = Session;
			sourceTree = "<group>";
		};
		19CB509A1A3C388900A3CD74 /* User */ = {
			isa = PBXGroup;
			children = (
				19CB50971A3C388000A3CD74 /* QZBUserInSession.h */,
				19CB50981A3C388000A3CD74 /* QZBUserInSession.m */,
				19CB509E1A3C51CA00A3CD74 /* QZBUser.h */,
				19CB509F1A3C51CA00A3CD74 /* QZBUser.m */,
			);
			name = User;
			sourceTree = "<group>";
		};
		19CB50A71A3C567A00A3CD74 /* qestion */ = {
			isa = PBXGroup;
			children = (
				19CB50901A3C33B000A3CD74 /* QZBQuestion.h */,
				19CB50911A3C33B000A3CD74 /* QZBQuestion.m */,
				19CB509B1A3C3D0300A3CD74 /* QZBAnswer.h */,
				19CB509C1A3C3D0300A3CD74 /* QZBAnswer.m */,
				19CB50A41A3C541400A3CD74 /* QZBQuestionWithUserAnswer.h */,
				19CB50A51A3C541400A3CD74 /* QZBQuestionWithUserAnswer.m */,
				1974BED21A4C81C600E63D6B /* QZBAnswerTextAndID.h */,
				1974BED31A4C81C600E63D6B /* QZBAnswerTextAndID.m */,
			);
			name = qestion;
			sourceTree = "<group>";
		};
		52F9464174E630E1C51630F7 /* Frameworks */ = {
			isa = PBXGroup;
			children = (
				DBC7A8F9E1287DD166F770A8 /* libPods.a */,
			);
			name = Frameworks;
			sourceTree = "<group>";
		};
		C21BFAFEA0FC6426FCCFFBE6 /* Pods */ = {
			isa = PBXGroup;
			children = (
				61CB57A856F89614168E9C5A /* Pods.debug.xcconfig */,
				B2892C94F45A4ABC9B49B297 /* Pods.release.xcconfig */,
			);
			name = Pods;
			sourceTree = "<group>";
		};
/* End PBXGroup section */

/* Begin PBXNativeTarget section */
		191559C01A39CDD400462C93 /* QZBQuizBattle */ = {
			isa = PBXNativeTarget;
			buildConfigurationList = 191559E71A39CDD500462C93 /* Build configuration list for PBXNativeTarget "QZBQuizBattle" */;
			buildPhases = (
				99ECA6CEBBB7C4E28D65645B /* Check Pods Manifest.lock */,
				191559BD1A39CDD400462C93 /* Sources */,
				191559BE1A39CDD400462C93 /* Frameworks */,
				191559BF1A39CDD400462C93 /* Resources */,
				E52D9F52544036B52A5D9E4A /* Copy Pods Resources */,
			);
			buildRules = (
			);
			dependencies = (
			);
			name = QZBQuizBattle;
			productName = QZBQuizBattle;
			productReference = 191559C11A39CDD400462C93 /* QZBQuizBattle.app */;
			productType = "com.apple.product-type.application";
		};
		191559DC1A39CDD400462C93 /* QZBQuizBattleTests */ = {
			isa = PBXNativeTarget;
			buildConfigurationList = 191559EA1A39CDD500462C93 /* Build configuration list for PBXNativeTarget "QZBQuizBattleTests" */;
			buildPhases = (
				191559D91A39CDD400462C93 /* Sources */,
				191559DA1A39CDD400462C93 /* Frameworks */,
				191559DB1A39CDD400462C93 /* Resources */,
			);
			buildRules = (
			);
			dependencies = (
				191559DF1A39CDD400462C93 /* PBXTargetDependency */,
			);
			name = QZBQuizBattleTests;
			productName = QZBQuizBattleTests;
			productReference = 191559DD1A39CDD400462C93 /* QZBQuizBattleTests.xctest */;
			productType = "com.apple.product-type.bundle.unit-test";
		};
/* End PBXNativeTarget section */

/* Begin PBXProject section */
		191559B91A39CDD400462C93 /* Project object */ = {
			isa = PBXProject;
			attributes = {
				LastUpgradeCheck = 0610;
				ORGANIZATIONNAME = "Andrey Mikhaylov";
				TargetAttributes = {
					191559C01A39CDD400462C93 = {
						CreatedOnToolsVersion = 6.1;
						DevelopmentTeam = 85N5TFNM2M;
						SystemCapabilities = {
							com.apple.BackgroundModes = {
								enabled = 1;
							};
						};
					};
					191559DC1A39CDD400462C93 = {
						CreatedOnToolsVersion = 6.1;
						TestTargetID = 191559C01A39CDD400462C93;
					};
				};
			};
			buildConfigurationList = 191559BC1A39CDD400462C93 /* Build configuration list for PBXProject "QZBQuizBattle" */;
			compatibilityVersion = "Xcode 3.2";
			developmentRegion = English;
			hasScannedForEncodings = 0;
			knownRegions = (
				en,
				Base,
			);
			mainGroup = 191559B81A39CDD400462C93;
			productRefGroup = 191559C21A39CDD400462C93 /* Products */;
			projectDirPath = "";
			projectRoot = "";
			targets = (
				191559C01A39CDD400462C93 /* QZBQuizBattle */,
				191559DC1A39CDD400462C93 /* QZBQuizBattleTests */,
			);
		};
/* End PBXProject section */

/* Begin PBXResourcesBuildPhase section */
		191559BF1A39CDD400462C93 /* Resources */ = {
			isa = PBXResourcesBuildPhase;
			buildActionMask = 2147483647;
			files = (
				197669921A67B3CE006C2757 /* README in Resources */,
				199820AD1A44A039003AECB9 /* Main.storyboard in Resources */,
				191559D81A39CDD400462C93 /* LaunchScreen.xib in Resources */,
				191559D51A39CDD400462C93 /* Images.xcassets in Resources */,
			);
			runOnlyForDeploymentPostprocessing = 0;
		};
		191559DB1A39CDD400462C93 /* Resources */ = {
			isa = PBXResourcesBuildPhase;
			buildActionMask = 2147483647;
			files = (
			);
			runOnlyForDeploymentPostprocessing = 0;
		};
/* End PBXResourcesBuildPhase section */

/* Begin PBXShellScriptBuildPhase section */
		99ECA6CEBBB7C4E28D65645B /* Check Pods Manifest.lock */ = {
			isa = PBXShellScriptBuildPhase;
			buildActionMask = 2147483647;
			files = (
			);
			inputPaths = (
			);
			name = "Check Pods Manifest.lock";
			outputPaths = (
			);
			runOnlyForDeploymentPostprocessing = 0;
			shellPath = /bin/sh;
			shellScript = "diff \"${PODS_ROOT}/../Podfile.lock\" \"${PODS_ROOT}/Manifest.lock\" > /dev/null\nif [[ $? != 0 ]] ; then\n    cat << EOM\nerror: The sandbox is not in sync with the Podfile.lock. Run 'pod install' or update your CocoaPods installation.\nEOM\n    exit 1\nfi\n";
			showEnvVarsInLog = 0;
		};
		E52D9F52544036B52A5D9E4A /* Copy Pods Resources */ = {
			isa = PBXShellScriptBuildPhase;
			buildActionMask = 2147483647;
			files = (
			);
			inputPaths = (
			);
			name = "Copy Pods Resources";
			outputPaths = (
			);
			runOnlyForDeploymentPostprocessing = 0;
			shellPath = /bin/sh;
			shellScript = "\"${SRCROOT}/Pods/Target Support Files/Pods/Pods-resources.sh\"\n";
			showEnvVarsInLog = 0;
		};
/* End PBXShellScriptBuildPhase section */

/* Begin PBXSourcesBuildPhase section */
		191559BD1A39CDD400462C93 /* Sources */ = {
			isa = PBXSourcesBuildPhase;
			buildActionMask = 2147483647;
			files = (
				1976699C1A67D7A1006C2757 /* QZBLoginWithEmailVC.m in Sources */,
				191559CA1A39CDD400462C93 /* AppDelegate.m in Sources */,
				1974BED41A4C81C600E63D6B /* QZBAnswerTextAndID.m in Sources */,
				1976696B1A67B3CE006C2757 /* JFBase64.m in Sources */,
				1976FBAF1A4B04F10016130B /* QZBTopicTableViewCell.m in Sources */,
				197669711A67B3CE006C2757 /* JFDeviceDetector.m in Sources */,
				1976696A1A67B3CE006C2757 /* JFAes256Codec.m in Sources */,
				197669741A67B3CE006C2757 /* JFICloudUtil.m in Sources */,
				197669751A67B3CE006C2757 /* JFImageUtil.m in Sources */,
				1976696C1A67B3CE006C2757 /* JFBCrypt.m in Sources */,
				197669721A67B3CE006C2757 /* JFGuidGenerator.m in Sources */,
				1901B9B21A4729BC002FC87C /* QZBAnswerTriangle.m in Sources */,
				197669781A67B3CE006C2757 /* JFNetworkUtil.m in Sources */,
				1901B9AC1A46E574002FC87C /* QZBEndSessionControllerViewController.m in Sources */,
				197669791A67B3CE006C2757 /* JFNoCutPasteTextField.m in Sources */,
				19CB50A01A3C51CA00A3CD74 /* QZBUser.m in Sources */,
				19CB50921A3C33B000A3CD74 /* QZBQuestion.m in Sources */,
				191559C71A39CDD400462C93 /* main.m in Sources */,
				1974BED11A4C4A3500E63D6B /* QZBCategory.m in Sources */,
				1976FBAB1A4B03E40016130B /* QZBTopicChooserControllerViewController.m in Sources */,
				1976696E1A67B3CE006C2757 /* JFBoxEncoder.m in Sources */,
				1976FBB71A4B12280016130B /* QZBServerManager.m in Sources */,
				19CB50AD1A3C62E000A3CD74 /* QZBProgressViewController.m in Sources */,
				1976FBB31A4B062D0016130B /* QZBGameTopic.m in Sources */,
				199820AA1A447628003AECB9 /* QZBOpponentBot.m in Sources */,
				1976698B1A67B3CE006C2757 /* JFRandom.m in Sources */,
				197669771A67B3CE006C2757 /* JFLocaleMatchUtil.m in Sources */,
				197669981A67D040006C2757 /* QZBRegisterAndLoginBaseVC.m in Sources */,
				19CB509D1A3C3D0300A3CD74 /* QZBAnswer.m in Sources */,
				190F8BC11A41C91F00B9E27F /* QZBSessionManager.m in Sources */,
				191559D01A39CDD400462C93 /* QZBGameSessionViewController.m in Sources */,
				197669761A67B3CE006C2757 /* JFInterruptableActionPerformer.m in Sources */,
				19CB50991A3C388000A3CD74 /* QZBUserInSession.m in Sources */,
				19CB50961A3C37BA00A3CD74 /* QZBSession.m in Sources */,
				1901B9AF1A4729A9002FC87C /* QZBAnswerButton.m in Sources */,
				191559CD1A39CDD400462C93 /* QZBQuizBattle.xcdatamodeld in Sources */,
				197669731A67B3CE006C2757 /* JFGuidUtil.m in Sources */,
				197669951A67B4B0006C2757 /* QZBRegisterWithEmailVC.m in Sources */,
				19CB50A61A3C541400A3CD74 /* QZBQuestionWithUserAnswer.m in Sources */,
			);
			runOnlyForDeploymentPostprocessing = 0;
		};
		191559D91A39CDD400462C93 /* Sources */ = {
			isa = PBXSourcesBuildPhase;
			buildActionMask = 2147483647;
			files = (
				191559E41A39CDD400462C93 /* QZBQuizBattleTests.m in Sources */,
			);
			runOnlyForDeploymentPostprocessing = 0;
		};
/* End PBXSourcesBuildPhase section */

/* Begin PBXTargetDependency section */
		191559DF1A39CDD400462C93 /* PBXTargetDependency */ = {
			isa = PBXTargetDependency;
			target = 191559C01A39CDD400462C93 /* QZBQuizBattle */;
			targetProxy = 191559DE1A39CDD400462C93 /* PBXContainerItemProxy */;
		};
/* End PBXTargetDependency section */

/* Begin PBXVariantGroup section */
		191559D61A39CDD400462C93 /* LaunchScreen.xib */ = {
			isa = PBXVariantGroup;
			children = (
				191559D71A39CDD400462C93 /* Base */,
			);
			name = LaunchScreen.xib;
			sourceTree = "<group>";
		};
		199820AB1A44A039003AECB9 /* Main.storyboard */ = {
			isa = PBXVariantGroup;
			children = (
				199820AC1A44A039003AECB9 /* Base */,
			);
			name = Main.storyboard;
			sourceTree = "<group>";
		};
/* End PBXVariantGroup section */

/* Begin XCBuildConfiguration section */
		191559E51A39CDD400462C93 /* Debug */ = {
			isa = XCBuildConfiguration;
			buildSettings = {
				ALWAYS_SEARCH_USER_PATHS = NO;
				CLANG_CXX_LANGUAGE_STANDARD = "gnu++0x";
				CLANG_CXX_LIBRARY = "libc++";
				CLANG_ENABLE_MODULES = YES;
				CLANG_ENABLE_OBJC_ARC = YES;
				CLANG_WARN_BOOL_CONVERSION = YES;
				CLANG_WARN_CONSTANT_CONVERSION = YES;
				CLANG_WARN_DIRECT_OBJC_ISA_USAGE = YES_ERROR;
				CLANG_WARN_EMPTY_BODY = YES;
				CLANG_WARN_ENUM_CONVERSION = YES;
				CLANG_WARN_INT_CONVERSION = YES;
				CLANG_WARN_OBJC_ROOT_CLASS = YES_ERROR;
				CLANG_WARN_UNREACHABLE_CODE = YES;
				CLANG_WARN__DUPLICATE_METHOD_MATCH = YES;
				"CODE_SIGN_IDENTITY[sdk=iphoneos*]" = "iPhone Developer";
				COPY_PHASE_STRIP = NO;
				ENABLE_STRICT_OBJC_MSGSEND = YES;
				GCC_C_LANGUAGE_STANDARD = gnu99;
				GCC_DYNAMIC_NO_PIC = NO;
				GCC_OPTIMIZATION_LEVEL = 0;
				GCC_PREPROCESSOR_DEFINITIONS = (
					"DEBUG=1",
					"$(inherited)",
				);
				GCC_SYMBOLS_PRIVATE_EXTERN = NO;
				GCC_WARN_64_TO_32_BIT_CONVERSION = YES;
				GCC_WARN_ABOUT_RETURN_TYPE = YES_ERROR;
				GCC_WARN_UNDECLARED_SELECTOR = YES;
				GCC_WARN_UNINITIALIZED_AUTOS = YES_AGGRESSIVE;
				GCC_WARN_UNUSED_FUNCTION = YES;
				GCC_WARN_UNUSED_VARIABLE = YES;
				IPHONEOS_DEPLOYMENT_TARGET = 8.1;
				MTL_ENABLE_DEBUG_INFO = YES;
				ONLY_ACTIVE_ARCH = YES;
				SDKROOT = iphoneos;
			};
			name = Debug;
		};
		191559E61A39CDD400462C93 /* Release */ = {
			isa = XCBuildConfiguration;
			buildSettings = {
				ALWAYS_SEARCH_USER_PATHS = NO;
				CLANG_CXX_LANGUAGE_STANDARD = "gnu++0x";
				CLANG_CXX_LIBRARY = "libc++";
				CLANG_ENABLE_MODULES = YES;
				CLANG_ENABLE_OBJC_ARC = YES;
				CLANG_WARN_BOOL_CONVERSION = YES;
				CLANG_WARN_CONSTANT_CONVERSION = YES;
				CLANG_WARN_DIRECT_OBJC_ISA_USAGE = YES_ERROR;
				CLANG_WARN_EMPTY_BODY = YES;
				CLANG_WARN_ENUM_CONVERSION = YES;
				CLANG_WARN_INT_CONVERSION = YES;
				CLANG_WARN_OBJC_ROOT_CLASS = YES_ERROR;
				CLANG_WARN_UNREACHABLE_CODE = YES;
				CLANG_WARN__DUPLICATE_METHOD_MATCH = YES;
				"CODE_SIGN_IDENTITY[sdk=iphoneos*]" = "iPhone Developer";
				COPY_PHASE_STRIP = YES;
				ENABLE_NS_ASSERTIONS = NO;
				ENABLE_STRICT_OBJC_MSGSEND = YES;
				GCC_C_LANGUAGE_STANDARD = gnu99;
				GCC_WARN_64_TO_32_BIT_CONVERSION = YES;
				GCC_WARN_ABOUT_RETURN_TYPE = YES_ERROR;
				GCC_WARN_UNDECLARED_SELECTOR = YES;
				GCC_WARN_UNINITIALIZED_AUTOS = YES_AGGRESSIVE;
				GCC_WARN_UNUSED_FUNCTION = YES;
				GCC_WARN_UNUSED_VARIABLE = YES;
				IPHONEOS_DEPLOYMENT_TARGET = 8.1;
				MTL_ENABLE_DEBUG_INFO = NO;
				SDKROOT = iphoneos;
				VALIDATE_PRODUCT = YES;
			};
			name = Release;
		};
		191559E81A39CDD500462C93 /* Debug */ = {
			isa = XCBuildConfiguration;
			baseConfigurationReference = 61CB57A856F89614168E9C5A /* Pods.debug.xcconfig */;
			buildSettings = {
				ASSETCATALOG_COMPILER_APPICON_NAME = AppIcon;
				ASSETCATALOG_COMPILER_LAUNCHIMAGE_NAME = LaunchImage;
				CODE_SIGN_IDENTITY = "iPhone Developer";
				"CODE_SIGN_IDENTITY[sdk=iphoneos*]" = "iPhone Developer";
				INFOPLIST_FILE = QZBQuizBattle/Info.plist;
				IPHONEOS_DEPLOYMENT_TARGET = 7.0;
				LD_RUNPATH_SEARCH_PATHS = "$(inherited) @executable_path/Frameworks";
				PRODUCT_NAME = "$(TARGET_NAME)";
				PROVISIONING_PROFILE = "";
				TARGETED_DEVICE_FAMILY = 1;
			};
			name = Debug;
		};
		191559E91A39CDD500462C93 /* Release */ = {
			isa = XCBuildConfiguration;
			baseConfigurationReference = B2892C94F45A4ABC9B49B297 /* Pods.release.xcconfig */;
			buildSettings = {
				ASSETCATALOG_COMPILER_APPICON_NAME = AppIcon;
				ASSETCATALOG_COMPILER_LAUNCHIMAGE_NAME = LaunchImage;
				CODE_SIGN_IDENTITY = "iPhone Developer";
				"CODE_SIGN_IDENTITY[sdk=iphoneos*]" = "iPhone Developer";
				INFOPLIST_FILE = QZBQuizBattle/Info.plist;
				IPHONEOS_DEPLOYMENT_TARGET = 7.0;
				LD_RUNPATH_SEARCH_PATHS = "$(inherited) @executable_path/Frameworks";
				PRODUCT_NAME = "$(TARGET_NAME)";
				PROVISIONING_PROFILE = "";
				TARGETED_DEVICE_FAMILY = 1;
			};
			name = Release;
		};
		191559EB1A39CDD500462C93 /* Debug */ = {
			isa = XCBuildConfiguration;
			buildSettings = {
				BUNDLE_LOADER = "$(TEST_HOST)";
				FRAMEWORK_SEARCH_PATHS = (
					"$(SDKROOT)/Developer/Library/Frameworks",
					"$(inherited)",
				);
				GCC_PREPROCESSOR_DEFINITIONS = (
					"DEBUG=1",
					"$(inherited)",
				);
				INFOPLIST_FILE = QZBQuizBattleTests/Info.plist;
				LD_RUNPATH_SEARCH_PATHS = "$(inherited) @executable_path/Frameworks @loader_path/Frameworks";
				PRODUCT_NAME = "$(TARGET_NAME)";
				TEST_HOST = "$(BUILT_PRODUCTS_DIR)/QZBQuizBattle.app/QZBQuizBattle";
			};
			name = Debug;
		};
		191559EC1A39CDD500462C93 /* Release */ = {
			isa = XCBuildConfiguration;
			buildSettings = {
				BUNDLE_LOADER = "$(TEST_HOST)";
				FRAMEWORK_SEARCH_PATHS = (
					"$(SDKROOT)/Developer/Library/Frameworks",
					"$(inherited)",
				);
				INFOPLIST_FILE = QZBQuizBattleTests/Info.plist;
				LD_RUNPATH_SEARCH_PATHS = "$(inherited) @executable_path/Frameworks @loader_path/Frameworks";
				PRODUCT_NAME = "$(TARGET_NAME)";
				TEST_HOST = "$(BUILT_PRODUCTS_DIR)/QZBQuizBattle.app/QZBQuizBattle";
			};
			name = Release;
		};
/* End XCBuildConfiguration section */

/* Begin XCConfigurationList section */
		191559BC1A39CDD400462C93 /* Build configuration list for PBXProject "QZBQuizBattle" */ = {
			isa = XCConfigurationList;
			buildConfigurations = (
				191559E51A39CDD400462C93 /* Debug */,
				191559E61A39CDD400462C93 /* Release */,
			);
			defaultConfigurationIsVisible = 0;
			defaultConfigurationName = Release;
		};
		191559E71A39CDD500462C93 /* Build configuration list for PBXNativeTarget "QZBQuizBattle" */ = {
			isa = XCConfigurationList;
			buildConfigurations = (
				191559E81A39CDD500462C93 /* Debug */,
				191559E91A39CDD500462C93 /* Release */,
			);
			defaultConfigurationIsVisible = 0;
			defaultConfigurationName = Release;
		};
		191559EA1A39CDD500462C93 /* Build configuration list for PBXNativeTarget "QZBQuizBattleTests" */ = {
			isa = XCConfigurationList;
			buildConfigurations = (
				191559EB1A39CDD500462C93 /* Debug */,
				191559EC1A39CDD500462C93 /* Release */,
			);
			defaultConfigurationIsVisible = 0;
			defaultConfigurationName = Release;
		};
/* End XCConfigurationList section */

/* Begin XCVersionGroup section */
		191559CB1A39CDD400462C93 /* QZBQuizBattle.xcdatamodeld */ = {
			isa = XCVersionGroup;
			children = (
				191559CC1A39CDD400462C93 /* QZBQuizBattle.xcdatamodel */,
			);
			currentVersion = 191559CC1A39CDD400462C93 /* QZBQuizBattle.xcdatamodel */;
			path = QZBQuizBattle.xcdatamodeld;
			sourceTree = "<group>";
			versionGroupType = wrapper.xcdatamodel;
		};
/* End XCVersionGroup section */
	};
	rootObject = 191559B91A39CDD400462C93 /* Project object */;
}
